// !$*UTF8*$!
{
	archiveVersion = 1;
	classes = {
	};
	objectVersion = 46;
	objects = {

/* Begin PBXBuildFile section */
		2B9EDAA31E63D55B00A93AD3 /* ViewController1.m in Sources */ = {isa = PBXBuildFile; fileRef = 2B9EDAA21E63D55B00A93AD3 /* ViewController1.m */; };
		2B9EDAA51E6403AA00A93AD3 /* index.html in Resources */ = {isa = PBXBuildFile; fileRef = 2B9EDAA41E6403AA00A93AD3 /* index.html */; };
		36C130611E1CD01700A10375 /* main.m in Sources */ = {isa = PBXBuildFile; fileRef = 36C130601E1CD01700A10375 /* main.m */; };
		36C130641E1CD01700A10375 /* AppDelegate.m in Sources */ = {isa = PBXBuildFile; fileRef = 36C130631E1CD01700A10375 /* AppDelegate.m */; };
		36C130671E1CD01700A10375 /* ViewController.m in Sources */ = {isa = PBXBuildFile; fileRef = 36C130661E1CD01700A10375 /* ViewController.m */; };
		36C1306A1E1CD01700A10375 /* Main.storyboard in Resources */ = {isa = PBXBuildFile; fileRef = 36C130681E1CD01700A10375 /* Main.storyboard */; };
		36C1306C1E1CD01700A10375 /* Assets.xcassets in Resources */ = {isa = PBXBuildFile; fileRef = 36C1306B1E1CD01700A10375 /* Assets.xcassets */; };
		36C1306F1E1CD01700A10375 /* LaunchScreen.storyboard in Resources */ = {isa = PBXBuildFile; fileRef = 36C1306D1E1CD01700A10375 /* LaunchScreen.storyboard */; };
/* End PBXBuildFile section */

/* Begin PBXFileReference section */
		2B9EDAA11E63D55B00A93AD3 /* ViewController1.h */ = {isa = PBXFileReference; fileEncoding = 4; lastKnownFileType = sourcecode.c.h; path = ViewController1.h; sourceTree = "<group>"; };
		2B9EDAA21E63D55B00A93AD3 /* ViewController1.m */ = {isa = PBXFileReference; fileEncoding = 4; lastKnownFileType = sourcecode.c.objc; path = ViewController1.m; sourceTree = "<group>"; };
		2B9EDAA41E6403AA00A93AD3 /* index.html */ = {isa = PBXFileReference; fileEncoding = 4; lastKnownFileType = text.html; path = index.html; sourceTree = "<group>"; };
		36C1305C1E1CD01700A10375 /* wkwebview.app */ = {isa = PBXFileReference; explicitFileType = wrapper.application; includeInIndex = 0; path = wkwebview.app; sourceTree = BUILT_PRODUCTS_DIR; };
		36C130601E1CD01700A10375 /* main.m */ = {isa = PBXFileReference; lastKnownFileType = sourcecode.c.objc; path = main.m; sourceTree = "<group>"; };
		36C130621E1CD01700A10375 /* AppDelegate.h */ = {isa = PBXFileReference; lastKnownFileType = sourcecode.c.h; path = AppDelegate.h; sourceTree = "<group>"; };
		36C130631E1CD01700A10375 /* AppDelegate.m */ = {isa = PBXFileReference; lastKnownFileType = sourcecode.c.objc; path = AppDelegate.m; sourceTree = "<group>"; };
		36C130651E1CD01700A10375 /* ViewController.h */ = {isa = PBXFileReference; lastKnownFileType = sourcecode.c.h; path = ViewController.h; sourceTree = "<group>"; };
		36C130661E1CD01700A10375 /* ViewController.m */ = {isa = PBXFileReference; lastKnownFileType = sourcecode.c.objc; path = ViewController.m; sourceTree = "<group>"; };
		36C130691E1CD01700A10375 /* Base */ = {isa = PBXFileReference; lastKnownFileType = file.storyboard; name = Base; path = Base.lproj/Main.storyboard; sourceTree = "<group>"; };
		36C1306B1E1CD01700A10375 /* Assets.xcassets */ = {isa = PBXFileReference; lastKnownFileType = folder.assetcatalog; path = Assets.xcassets; sourceTree = "<group>"; };
		36C1306E1E1CD01700A10375 /* Base */ = {isa = PBXFileReference; lastKnownFileType = file.storyboard; name = Base; path = Base.lproj/LaunchScreen.storyboard; sourceTree = "<group>"; };
		36C130701E1CD01700A10375 /* Info.plist */ = {isa = PBXFileReference; lastKnownFileType = text.plist.xml; path = Info.plist; sourceTree = "<group>"; };
/* End PBXFileReference section */

/* Begin PBXFrameworksBuildPhase section */
		36C130591E1CD01700A10375 /* Frameworks */ = {
			isa = PBXFrameworksBuildPhase;
			buildActionMask = 2147483647;
			files = (
			);
			runOnlyForDeploymentPostprocessing = 0;
		};
/* End PBXFrameworksBuildPhase section */

/* Begin PBXGroup section */
		36C130531E1CD01700A10375 = {
			isa = PBXGroup;
			children = (
				36C1305E1E1CD01700A10375 /* wkwebview */,
				36C1305D1E1CD01700A10375 /* Products */,
			);
			sourceTree = "<group>";
		};
		36C1305D1E1CD01700A10375 /* Products */ = {
			isa = PBXGroup;
			children = (
				36C1305C1E1CD01700A10375 /* wkwebview.app */,
			);
			name = Products;
			sourceTree = "<group>";
		};
		36C1305E1E1CD01700A10375 /* wkwebview */ = {
			isa = PBXGroup;
			children = (
				2B9EDAA41E6403AA00A93AD3 /* index.html */,
				36C130621E1CD01700A10375 /* AppDelegate.h */,
				36C130631E1CD01700A10375 /* AppDelegate.m */,
				36C130651E1CD01700A10375 /* ViewController.h */,
				36C130661E1CD01700A10375 /* ViewController.m */,
				2B9EDAA11E63D55B00A93AD3 /* ViewController1.h */,
				2B9EDAA21E63D55B00A93AD3 /* ViewController1.m */,
				36C130681E1CD01700A10375 /* Main.storyboard */,
				36C1306B1E1CD01700A10375 /* Assets.xcassets */,
				36C1306D1E1CD01700A10375 /* LaunchScreen.storyboard */,
				36C130701E1CD01700A10375 /* Info.plist */,
				36C1305F1E1CD01700A10375 /* Supporting Files */,
			);
			path = wkwebview;
			sourceTree = "<group>";
		};
		36C1305F1E1CD01700A10375 /* Supporting Files */ = {
			isa = PBXGroup;
			children = (
				36C130601E1CD01700A10375 /* main.m */,
			);
			name = "Supporting Files";
			sourceTree = "<group>";
		};
/* End PBXGroup section */

/* Begin PBXNativeTarget section */
		36C1305B1E1CD01700A10375 /* wkwebview */ = {
			isa = PBXNativeTarget;
			buildConfigurationList = 36C130731E1CD01700A10375 /* Build configuration list for PBXNativeTarget "wkwebview" */;
			buildPhases = (
				36C130581E1CD01700A10375 /* Sources */,
				36C130591E1CD01700A10375 /* Frameworks */,
				36C1305A1E1CD01700A10375 /* Resources */,
			);
			buildRules = (
			);
			dependencies = (
			);
			name = wkwebview;
			productName = wkwebview;
			productReference = 36C1305C1E1CD01700A10375 /* wkwebview.app */;
			productType = "com.apple.product-type.application";
		};
/* End PBXNativeTarget section */

/* Begin PBXProject section */
		36C130541E1CD01700A10375 /* Project object */ = {
			isa = PBXProject;
			attributes = {
				LastUpgradeCheck = 0810;
				ORGANIZATIONNAME = anjohnlv;
				TargetAttributes = {
					36C1305B1E1CD01700A10375 = {
						CreatedOnToolsVersion = 8.1;
						DevelopmentTeam = RUHEZP9NQR;
						ProvisioningStyle = Automatic;
					};
				};
			};
			buildConfigurationList = 36C130571E1CD01700A10375 /* Build configuration list for PBXProject "wkwebview" */;
			compatibilityVersion = "Xcode 3.2";
			developmentRegion = English;
			hasScannedForEncodings = 0;
			knownRegions = (
				en,
				Base,
			);
			mainGroup = 36C130531E1CD01700A10375;
			productRefGroup = 36C1305D1E1CD01700A10375 /* Products */;
			projectDirPath = "";
			projectRoot = "";
			targets = (
				36C1305B1E1CD01700A10375 /* wkwebview */,
			);
		};
/* End PBXProject section */

/* Begin PBXResourcesBuildPhase section */
		36C1305A1E1CD01700A10375 /* Resources */ = {
			isa = PBXResourcesBuildPhase;
			buildActionMask = 2147483647;
			files = (
				36C1306F1E1CD01700A10375 /* LaunchScreen.storyboard in Resources */,
				2B9EDAA51E6403AA00A93AD3 /* index.html in Resources */,
				36C1306C1E1CD01700A10375 /* Assets.xcassets in Resources */,
				36C1306A1E1CD01700A10375 /* Main.storyboard in Resources */,
			);
			runOnlyForDeploymentPostprocessing = 0;
		};
/* End PBXResourcesBuildPhase section */

/* Begin PBXSourcesBuildPhase section */
		36C130581E1CD01700A10375 /* Sources */ = {
			isa = PBXSourcesBuildPhase;
			buildActionMask = 2147483647;
			files = (
				2B9EDAA31E63D55B00A93AD3 /* ViewController1.m in Sources */,
				36C130671E1CD01700A10375 /* ViewController.m in Sources */,
				36C130641E1CD01700A10375 /* AppDelegate.m in Sources */,
				36C130611E1CD01700A10375 /* main.m in Sources */,
			);
			runOnlyForDeploymentPostprocessing = 0;
		};
/* End PBXSourcesBuildPhase section */

/* Begin PBXVariantGroup section */
		36C130681E1CD01700A10375 /* Main.storyboard */ = {
			isa = PBXVariantGroup;
			children = (
				36C130691E1CD01700A10375 /* Base */,
			);
			name = Main.storyboard;
			sourceTree = "<group>";
		};
		36C1306D1E1CD01700A10375 /* LaunchScreen.storyboard */ = {
			isa = PBXVariantGroup;
			children = (
				36C1306E1E1CD01700A10375 /* Base */,
			);
			name = LaunchScreen.storyboard;
			sourceTree = "<group>";
		};
/* End PBXVariantGroup section */

/* Begin XCBuildConfiguration section */
		36C130711E1CD01700A10375 /* Debug */ = {
			isa = XCBuildConfiguration;
			buildSettings = {
				ALWAYS_SEARCH_USER_PATHS = NO;
				CLANG_ANALYZER_NONNULL = YES;
				CLANG_CXX_LANGUAGE_STANDARD = "gnu++0x";
				CLANG_CXX_LIBRARY = "libc++";
				CLANG_ENABLE_MODULES = YES;
				CLANG_ENABLE_OBJC_ARC = YES;
				CLANG_WARN_BOOL_CONVERSION = YES;
				CLANG_WARN_CONSTANT_CONVERSION = YES;
				CLANG_WARN_DIRECT_OBJC_ISA_USAGE = YES_ERROR;
				CLANG_WARN_DOCUMENTATION_COMMENTS = YES;
				CLANG_WARN_EMPTY_BODY = YES;
				CLANG_WARN_ENUM_CONVERSION = YES;
				CLANG_WARN_INFINITE_RECURSION = YES;
				CLANG_WARN_INT_CONVERSION = YES;
				CLANG_WARN_OBJC_ROOT_CLASS = YES_ERROR;
				CLANG_WARN_SUSPICIOUS_MOVES = YES;
				CLANG_WARN_UNREACHABLE_CODE = YES;
				CLANG_WARN__DUPLICATE_METHOD_MATCH = YES;
				"CODE_SIGN_IDENTITY[sdk=iphoneos*]" = "iPhone Developer";
				COPY_PHASE_STRIP = NO;
				DEBUG_INFORMATION_FORMAT = dwarf;
				ENABLE_STRICT_OBJC_MSGSEND = YES;
				ENABLE_TESTABILITY = YES;
				GCC_C_LANGUAGE_STANDARD = gnu99;
				GCC_DYNAMIC_NO_PIC = NO;
				GCC_NO_COMMON_BLOCKS = YES;
				GCC_OPTIMIZATION_LEVEL = 0;
				GCC_PREPROCESSOR_DEFINITIONS = (
					"DEBUG=1",
					"$(inherited)",
				);
				GCC_WARN_64_TO_32_BIT_CONVERSION = YES;
				GCC_WARN_ABOUT_RETURN_TYPE = YES_ERROR;
				GCC_WARN_UNDECLARED_SELECTOR = YES;
				GCC_WARN_UNINITIALIZED_AUTOS = YES_AGGRESSIVE;
				GCC_WARN_UNUSED_FUNCTION = YES;
				GCC_WARN_UNUSED_VARIABLE = YES;
				IPHONEOS_DEPLOYMENT_TARGET = 10.1;
				MTL_ENABLE_DEBUG_INFO = YES;
				ONLY_ACTIVE_ARCH = YES;
				SDKROOT = iphoneos;
				TARGETED_DEVICE_FAMILY = "1,2";
			};
			name = Debug;
		};
		36C130721E1CD01700A10375 /* Release */ = {
			isa = XCBuildConfiguration;
			buildSettings = {
				ALWAYS_SEARCH_USER_PATHS = NO;
				CLANG_ANALYZER_NONNULL = YES;
				CLANG_CXX_LANGUAGE_STANDARD = "gnu++0x";
				CLANG_CXX_LIBRARY = "libc++";
				CLANG_ENABLE_MODULES = YES;
				CLANG_ENABLE_OBJC_ARC = YES;
				CLANG_WARN_BOOL_CONVERSION = YES;
				CLANG_WARN_CONSTANT_CONVERSION = YES;
				CLANG_WARN_DIRECT_OBJC_ISA_USAGE = YES_ERROR;
				CLANG_WARN_DOCUMENTATION_COMMENTS = YES;
				CLANG_WARN_EMPTY_BODY = YES;
				CLANG_WARN_ENUM_CONVERSION = YES;
				CLANG_WARN_INFINITE_RECURSION = YES;
				CLANG_WARN_INT_CONVERSION = YES;
				CLANG_WARN_OBJC_ROOT_CLASS = YES_ERROR;
				CLANG_WARN_SUSPICIOUS_MOVES = YES;
				CLANG_WARN_UNREACHABLE_CODE = YES;
				CLANG_WARN__DUPLICATE_METHOD_MATCH = YES;
				"CODE_SIGN_IDENTITY[sdk=iphoneos*]" = "iPhone Developer";
				COPY_PHASE_STRIP = NO;
				DEBUG_INFORMATION_FORMAT = "dwarf-with-dsym";
				ENABLE_NS_ASSERTIONS = NO;
				ENABLE_STRICT_OBJC_MSGSEND = YES;
				GCC_C_LANGUAGE_STANDARD = gnu99;
				GCC_NO_COMMON_BLOCKS = YES;
				GCC_WARN_64_TO_32_BIT_CONVERSION = YES;
				GCC_WARN_ABOUT_RETURN_TYPE = YES_ERROR;
				GCC_WARN_UNDECLARED_SELECTOR = YES;
				GCC_WARN_UNINITIALIZED_AUTOS = YES_AGGRESSIVE;
				GCC_WARN_UNUSED_FUNCTION = YES;
				GCC_WARN_UNUSED_VARIABLE = YES;
				IPHONEOS_DEPLOYMENT_TARGET = 10.1;
				MTL_ENABLE_DEBUG_INFO = NO;
				SDKROOT = iphoneos;
				TARGETED_DEVICE_FAMILY = "1,2";
				VALIDATE_PRODUCT = YES;
			};
			name = Release;
		};
		36C130741E1CD01700A10375 /* Debug */ = {
			isa = XCBuildConfiguration;
			buildSettings = {
				ASSETCATALOG_COMPILER_APPICON_NAME = AppIcon;
				DEVELOPMENT_TEAM = RUHEZP9NQR;
				INFOPLIST_FILE = wkwebview/Info.plist;
				IPHONEOS_DEPLOYMENT_TARGET = 8.4;
				LD_RUNPATH_SEARCH_PATHS = "$(inherited) @executable_path/Frameworks";
				PRODUCT_BUNDLE_IDENTIFIER = com.anjohnlv..wkwebview;
				PRODUCT_NAME = "$(TARGET_NAME)";
			};
			name = Debug;
		};
		36C130751E1CD01700A10375 /* Release */ = {
			isa = XCBuildConfiguration;
			buildSettings = {
				ASSETCATALOG_COMPILER_APPICON_NAME = AppIcon;
				DEVELOPMENT_TEAM = RUHEZP9NQR;
				INFOPLIST_FILE = wkwebview/Info.plist;
				IPHONEOS_DEPLOYMENT_TARGET = 8.4;
				LD_RUNPATH_SEARCH_PATHS = "$(inherited) @executable_path/Frameworks";
				PRODUCT_BUNDLE_IDENTIFIER = com.anjohnlv..wkwebview;
				PRODUCT_NAME = "$(TARGET_NAME)";
			};
			name = Release;
		};
/* End XCBuildConfiguration section */

/* Begin XCConfigurationList section */
		36C130571E1CD01700A10375 /* Build configuration list for PBXProject "wkwebview" */ = {
			isa = XCConfigurationList;
			buildConfigurations = (
				36C130711E1CD01700A10375 /* Debug */,
				36C130721E1CD01700A10375 /* Release */,
			);
			defaultConfigurationIsVisible = 0;
			defaultConfigurationName = Release;
		};
		36C130731E1CD01700A10375 /* Build configuration list for PBXNativeTarget "wkwebview" */ = {
			isa = XCConfigurationList;
			buildConfigurations = (
				36C130741E1CD01700A10375 /* Debug */,
				36C130751E1CD01700A10375 /* Release */,
			);
			defaultConfigurationIsVisible = 0;
			defaultConfigurationName = Release;
		};
/* End XCConfigurationList section */
	};
	rootObject = 36C130541E1CD01700A10375 /* Project object */;
}
